// !$*UTF8*$!
{
	archiveVersion = 1;
	classes = {
	};
	objectVersion = 55;
	objects = {

/* Begin PBXBuildFile section */
		180E4BA028C9960C00C170D5 /* AuthViewModel.swift in Sources */ = {isa = PBXBuildFile; fileRef = 180E4B9F28C9960C00C170D5 /* AuthViewModel.swift */; };
		180E4BA228C9AE6100C170D5 /* ProfilePhotoSelectorView.swift in Sources */ = {isa = PBXBuildFile; fileRef = 180E4BA128C9AE6100C170D5 /* ProfilePhotoSelectorView.swift */; };
		180E4BA528C9C36900C170D5 /* ImagePicker.swift in Sources */ = {isa = PBXBuildFile; fileRef = 180E4BA428C9C36900C170D5 /* ImagePicker.swift */; };
		1822ADE628BC61760025D247 /* GoogleService-Info.plist in Resources */ = {isa = PBXBuildFile; fileRef = 1822ADE528BC61760025D247 /* GoogleService-Info.plist */; };
		182AD2BD28728F2E0006E773 /* TwitterSwiftUIApp.swift in Sources */ = {isa = PBXBuildFile; fileRef = 182AD2BC28728F2E0006E773 /* TwitterSwiftUIApp.swift */; };
		182AD2BF28728F2E0006E773 /* ContentView.swift in Sources */ = {isa = PBXBuildFile; fileRef = 182AD2BE28728F2E0006E773 /* ContentView.swift */; };
		182AD2C128728F340006E773 /* Assets.xcassets in Resources */ = {isa = PBXBuildFile; fileRef = 182AD2C028728F340006E773 /* Assets.xcassets */; };
		182AD2C428728F340006E773 /* Preview Assets.xcassets in Resources */ = {isa = PBXBuildFile; fileRef = 182AD2C328728F340006E773 /* Preview Assets.xcassets */; };
		182AD2D3287290B90006E773 /* FeedView.swift in Sources */ = {isa = PBXBuildFile; fileRef = 182AD2D2287290B90006E773 /* FeedView.swift */; };
		182AD2D62872918B0006E773 /* TweetRowView.swift in Sources */ = {isa = PBXBuildFile; fileRef = 182AD2D52872918B0006E773 /* TweetRowView.swift */; };
		183E6FB428D58BBE00E3C6D0 /* UserService.swift in Sources */ = {isa = PBXBuildFile; fileRef = 183E6FB328D58BBE00E3C6D0 /* UserService.swift */; };
		183E6FB628D58E3100E3C6D0 /* User.swift in Sources */ = {isa = PBXBuildFile; fileRef = 183E6FB528D58E3100E3C6D0 /* User.swift */; };
		183E6FB928D5A5F200E3C6D0 /* Kingfisher in Frameworks */ = {isa = PBXBuildFile; productRef = 183E6FB828D5A5F200E3C6D0 /* Kingfisher */; };
		185BB73728CEDFCB00354E5E /* ImageUploader.swift in Sources */ = {isa = PBXBuildFile; fileRef = 185BB73628CEDFCB00354E5E /* ImageUploader.swift */; };
		18741AF02885040B00AA7AFE /* MainTabView.swift in Sources */ = {isa = PBXBuildFile; fileRef = 18741AEF2885040B00AA7AFE /* MainTabView.swift */; };
		18741AF62885059200AA7AFE /* NotificationsView.swift in Sources */ = {isa = PBXBuildFile; fileRef = 18741AF52885059200AA7AFE /* NotificationsView.swift */; };
		18741AF8288505A900AA7AFE /* MessagesView.swift in Sources */ = {isa = PBXBuildFile; fileRef = 18741AF7288505A900AA7AFE /* MessagesView.swift */; };
		18741AFA288505CF00AA7AFE /* ExploreView.swift in Sources */ = {isa = PBXBuildFile; fileRef = 18741AF9288505CF00AA7AFE /* ExploreView.swift */; };
		18981C6C288E383500753158 /* ProfileView.swift in Sources */ = {isa = PBXBuildFile; fileRef = 18981C6B288E383500753158 /* ProfileView.swift */; };
		18981C6E288E424000753158 /* TweetFilterViewModel.swift in Sources */ = {isa = PBXBuildFile; fileRef = 18981C6D288E424000753158 /* TweetFilterViewModel.swift */; };
		18981CAB28937E0D00753158 /* UserRowView.swift in Sources */ = {isa = PBXBuildFile; fileRef = 18981CAA28937E0D00753158 /* UserRowView.swift */; };
		18981CB0289382CC00753158 /* SideMenuView.swift in Sources */ = {isa = PBXBuildFile; fileRef = 18981CAF289382CC00753158 /* SideMenuView.swift */; };
		18981CB2289382DA00753158 /* SideMenuRowView.swift in Sources */ = {isa = PBXBuildFile; fileRef = 18981CB1289382DA00753158 /* SideMenuRowView.swift */; };
		18981CB42893833300753158 /* SideMenuViewModel.swift in Sources */ = {isa = PBXBuildFile; fileRef = 18981CB32893833300753158 /* SideMenuViewModel.swift */; };
		18981CB62893851600753158 /* UserStatsView.swift in Sources */ = {isa = PBXBuildFile; fileRef = 18981CB52893851600753158 /* UserStatsView.swift */; };
		189B588E28D957E40007DAD5 /* FeedViewModel.swift in Sources */ = {isa = PBXBuildFile; fileRef = 189B588D28D957E40007DAD5 /* FeedViewModel.swift */; };
		189B589028D958DD0007DAD5 /* Tweet.swift in Sources */ = {isa = PBXBuildFile; fileRef = 189B588F28D958DD0007DAD5 /* Tweet.swift */; };
		189B9C352895031E00C06C46 /* SideMenuOptionRowView.swift in Sources */ = {isa = PBXBuildFile; fileRef = 189B9C342895031E00C06C46 /* SideMenuOptionRowView.swift */; };
		189B9C3A2896216300C06C46 /* NewTweetView.swift in Sources */ = {isa = PBXBuildFile; fileRef = 189B9C392896216300C06C46 /* NewTweetView.swift */; };
		189B9C3C289623BF00C06C46 /* TextArea.swift in Sources */ = {isa = PBXBuildFile; fileRef = 189B9C3B289623BF00C06C46 /* TextArea.swift */; };
		189B9C452897733C00C06C46 /* LoginView.swift in Sources */ = {isa = PBXBuildFile; fileRef = 189B9C442897733C00C06C46 /* LoginView.swift */; };
		189B9C472897735300C06C46 /* RegistrationView.swift in Sources */ = {isa = PBXBuildFile; fileRef = 189B9C462897735300C06C46 /* RegistrationView.swift */; };
		189B9C492897752800C06C46 /* RoundedShape.swift in Sources */ = {isa = PBXBuildFile; fileRef = 189B9C482897752800C06C46 /* RoundedShape.swift */; };
		189B9C4B28977D3400C06C46 /* CustomInputField.swift in Sources */ = {isa = PBXBuildFile; fileRef = 189B9C4A28977D3400C06C46 /* CustomInputField.swift */; };
		189B9C582898C59D00C06C46 /* AuthHeaderView.swift in Sources */ = {isa = PBXBuildFile; fileRef = 189B9C572898C59D00C06C46 /* AuthHeaderView.swift */; };
		18D64DA928D6D5630004F711 /* ExploreViewModel.swift in Sources */ = {isa = PBXBuildFile; fileRef = 18D64DA828D6D5630004F711 /* ExploreViewModel.swift */; };
		18D64DAB28D80D780004F711 /* SearchBar.swift in Sources */ = {isa = PBXBuildFile; fileRef = 18D64DAA28D80D780004F711 /* SearchBar.swift */; };
		18D64DAD28D817A80004F711 /* TweetService.swift in Sources */ = {isa = PBXBuildFile; fileRef = 18D64DAC28D817A80004F711 /* TweetService.swift */; };
		18D64DAF28D8193A0004F711 /* UploadTweetViewModel.swift in Sources */ = {isa = PBXBuildFile; fileRef = 18D64DAE28D8193A0004F711 /* UploadTweetViewModel.swift */; };
		297E7E61F18CF8856CA54A10 /* Pods_TwitterSwiftUI.framework in Frameworks */ = {isa = PBXBuildFile; fileRef = 2DD45853CD69610ADE5E6F56 /* Pods_TwitterSwiftUI.framework */; };
/* End PBXBuildFile section */

/* Begin PBXFileReference section */
		180E4B9F28C9960C00C170D5 /* AuthViewModel.swift */ = {isa = PBXFileReference; lastKnownFileType = sourcecode.swift; path = AuthViewModel.swift; sourceTree = "<group>"; };
		180E4BA128C9AE6100C170D5 /* ProfilePhotoSelectorView.swift */ = {isa = PBXFileReference; lastKnownFileType = sourcecode.swift; path = ProfilePhotoSelectorView.swift; sourceTree = "<group>"; };
		180E4BA428C9C36900C170D5 /* ImagePicker.swift */ = {isa = PBXFileReference; lastKnownFileType = sourcecode.swift; path = ImagePicker.swift; sourceTree = "<group>"; };
		1822ADE528BC61760025D247 /* GoogleService-Info.plist */ = {isa = PBXFileReference; fileEncoding = 4; lastKnownFileType = text.plist.xml; path = "GoogleService-Info.plist"; sourceTree = "<group>"; };
		182AD2B928728F2E0006E773 /* TwitterSwiftUI.app */ = {isa = PBXFileReference; explicitFileType = wrapper.application; includeInIndex = 0; path = TwitterSwiftUI.app; sourceTree = BUILT_PRODUCTS_DIR; };
		182AD2BC28728F2E0006E773 /* TwitterSwiftUIApp.swift */ = {isa = PBXFileReference; lastKnownFileType = sourcecode.swift; path = TwitterSwiftUIApp.swift; sourceTree = "<group>"; };
		182AD2BE28728F2E0006E773 /* ContentView.swift */ = {isa = PBXFileReference; lastKnownFileType = sourcecode.swift; path = ContentView.swift; sourceTree = "<group>"; };
		182AD2C028728F340006E773 /* Assets.xcassets */ = {isa = PBXFileReference; lastKnownFileType = folder.assetcatalog; path = Assets.xcassets; sourceTree = "<group>"; };
		182AD2C328728F340006E773 /* Preview Assets.xcassets */ = {isa = PBXFileReference; lastKnownFileType = folder.assetcatalog; path = "Preview Assets.xcassets"; sourceTree = "<group>"; };
		182AD2D2287290B90006E773 /* FeedView.swift */ = {isa = PBXFileReference; lastKnownFileType = sourcecode.swift; path = FeedView.swift; sourceTree = "<group>"; };
		182AD2D52872918B0006E773 /* TweetRowView.swift */ = {isa = PBXFileReference; lastKnownFileType = sourcecode.swift; path = TweetRowView.swift; sourceTree = "<group>"; };
		183E6FB328D58BBE00E3C6D0 /* UserService.swift */ = {isa = PBXFileReference; lastKnownFileType = sourcecode.swift; path = UserService.swift; sourceTree = "<group>"; };
		183E6FB528D58E3100E3C6D0 /* User.swift */ = {isa = PBXFileReference; lastKnownFileType = sourcecode.swift; path = User.swift; sourceTree = "<group>"; };
		185BB73628CEDFCB00354E5E /* ImageUploader.swift */ = {isa = PBXFileReference; lastKnownFileType = sourcecode.swift; path = ImageUploader.swift; sourceTree = "<group>"; };
		18741AEF2885040B00AA7AFE /* MainTabView.swift */ = {isa = PBXFileReference; lastKnownFileType = sourcecode.swift; path = MainTabView.swift; sourceTree = "<group>"; };
		18741AF52885059200AA7AFE /* NotificationsView.swift */ = {isa = PBXFileReference; lastKnownFileType = sourcecode.swift; path = NotificationsView.swift; sourceTree = "<group>"; };
		18741AF7288505A900AA7AFE /* MessagesView.swift */ = {isa = PBXFileReference; lastKnownFileType = sourcecode.swift; path = MessagesView.swift; sourceTree = "<group>"; };
		18741AF9288505CF00AA7AFE /* ExploreView.swift */ = {isa = PBXFileReference; lastKnownFileType = sourcecode.swift; path = ExploreView.swift; sourceTree = "<group>"; };
		18981C6B288E383500753158 /* ProfileView.swift */ = {isa = PBXFileReference; lastKnownFileType = sourcecode.swift; path = ProfileView.swift; sourceTree = "<group>"; };
		18981C6D288E424000753158 /* TweetFilterViewModel.swift */ = {isa = PBXFileReference; lastKnownFileType = sourcecode.swift; path = TweetFilterViewModel.swift; sourceTree = "<group>"; };
		18981CAA28937E0D00753158 /* UserRowView.swift */ = {isa = PBXFileReference; lastKnownFileType = sourcecode.swift; path = UserRowView.swift; sourceTree = "<group>"; };
		18981CAF289382CC00753158 /* SideMenuView.swift */ = {isa = PBXFileReference; lastKnownFileType = sourcecode.swift; path = SideMenuView.swift; sourceTree = "<group>"; };
		18981CB1289382DA00753158 /* SideMenuRowView.swift */ = {isa = PBXFileReference; lastKnownFileType = sourcecode.swift; path = SideMenuRowView.swift; sourceTree = "<group>"; };
		18981CB32893833300753158 /* SideMenuViewModel.swift */ = {isa = PBXFileReference; lastKnownFileType = sourcecode.swift; path = SideMenuViewModel.swift; sourceTree = "<group>"; };
		18981CB52893851600753158 /* UserStatsView.swift */ = {isa = PBXFileReference; lastKnownFileType = sourcecode.swift; path = UserStatsView.swift; sourceTree = "<group>"; };
		189B588D28D957E40007DAD5 /* FeedViewModel.swift */ = {isa = PBXFileReference; lastKnownFileType = sourcecode.swift; path = FeedViewModel.swift; sourceTree = "<group>"; };
		189B588F28D958DD0007DAD5 /* Tweet.swift */ = {isa = PBXFileReference; lastKnownFileType = sourcecode.swift; path = Tweet.swift; sourceTree = "<group>"; };
		189B9C342895031E00C06C46 /* SideMenuOptionRowView.swift */ = {isa = PBXFileReference; lastKnownFileType = sourcecode.swift; path = SideMenuOptionRowView.swift; sourceTree = "<group>"; };
		189B9C392896216300C06C46 /* NewTweetView.swift */ = {isa = PBXFileReference; lastKnownFileType = sourcecode.swift; path = NewTweetView.swift; sourceTree = "<group>"; };
		189B9C3B289623BF00C06C46 /* TextArea.swift */ = {isa = PBXFileReference; lastKnownFileType = sourcecode.swift; path = TextArea.swift; sourceTree = "<group>"; };
		189B9C442897733C00C06C46 /* LoginView.swift */ = {isa = PBXFileReference; lastKnownFileType = sourcecode.swift; path = LoginView.swift; sourceTree = "<group>"; };
		189B9C462897735300C06C46 /* RegistrationView.swift */ = {isa = PBXFileReference; lastKnownFileType = sourcecode.swift; path = RegistrationView.swift; sourceTree = "<group>"; };
		189B9C482897752800C06C46 /* RoundedShape.swift */ = {isa = PBXFileReference; lastKnownFileType = sourcecode.swift; path = RoundedShape.swift; sourceTree = "<group>"; };
		189B9C4A28977D3400C06C46 /* CustomInputField.swift */ = {isa = PBXFileReference; lastKnownFileType = sourcecode.swift; path = CustomInputField.swift; sourceTree = "<group>"; };
		189B9C572898C59D00C06C46 /* AuthHeaderView.swift */ = {isa = PBXFileReference; lastKnownFileType = sourcecode.swift; path = AuthHeaderView.swift; sourceTree = "<group>"; };
		18D64DA828D6D5630004F711 /* ExploreViewModel.swift */ = {isa = PBXFileReference; lastKnownFileType = sourcecode.swift; path = ExploreViewModel.swift; sourceTree = "<group>"; };
		18D64DAA28D80D780004F711 /* SearchBar.swift */ = {isa = PBXFileReference; lastKnownFileType = sourcecode.swift; path = SearchBar.swift; sourceTree = "<group>"; };
		18D64DAC28D817A80004F711 /* TweetService.swift */ = {isa = PBXFileReference; lastKnownFileType = sourcecode.swift; path = TweetService.swift; sourceTree = "<group>"; };
		18D64DAE28D8193A0004F711 /* UploadTweetViewModel.swift */ = {isa = PBXFileReference; lastKnownFileType = sourcecode.swift; path = UploadTweetViewModel.swift; sourceTree = "<group>"; };
		2DD45853CD69610ADE5E6F56 /* Pods_TwitterSwiftUI.framework */ = {isa = PBXFileReference; explicitFileType = wrapper.framework; includeInIndex = 0; path = Pods_TwitterSwiftUI.framework; sourceTree = BUILT_PRODUCTS_DIR; };
		372E29777FAE7BF407ED7D60 /* Pods-TwitterSwiftUI.release.xcconfig */ = {isa = PBXFileReference; includeInIndex = 1; lastKnownFileType = text.xcconfig; name = "Pods-TwitterSwiftUI.release.xcconfig"; path = "Target Support Files/Pods-TwitterSwiftUI/Pods-TwitterSwiftUI.release.xcconfig"; sourceTree = "<group>"; };
		F4E41FFC182B4EB1CED4C5BC /* Pods-TwitterSwiftUI.debug.xcconfig */ = {isa = PBXFileReference; includeInIndex = 1; lastKnownFileType = text.xcconfig; name = "Pods-TwitterSwiftUI.debug.xcconfig"; path = "Target Support Files/Pods-TwitterSwiftUI/Pods-TwitterSwiftUI.debug.xcconfig"; sourceTree = "<group>"; };
/* End PBXFileReference section */

/* Begin PBXFrameworksBuildPhase section */
		182AD2B628728F2E0006E773 /* Frameworks */ = {
			isa = PBXFrameworksBuildPhase;
			buildActionMask = 2147483647;
			files = (
				183E6FB928D5A5F200E3C6D0 /* Kingfisher in Frameworks */,
				297E7E61F18CF8856CA54A10 /* Pods_TwitterSwiftUI.framework in Frameworks */,
			);
			runOnlyForDeploymentPostprocessing = 0;
		};
/* End PBXFrameworksBuildPhase section */

/* Begin PBXGroup section */
		180E4BA328C9C35000C170D5 /* Utils */ = {
			isa = PBXGroup;
			children = (
				180E4BA428C9C36900C170D5 /* ImagePicker.swift */,
			);
			path = Utils;
			sourceTree = "<group>";
		};
		182AD2B028728F2E0006E773 = {
			isa = PBXGroup;
			children = (
				182AD2BB28728F2E0006E773 /* TwitterSwiftUI */,
				182AD2BA28728F2E0006E773 /* Products */,
				73AA590787D87E79A9D09C27 /* Pods */,
				6E91A4FEA3ECA4C3A298A6B7 /* Frameworks */,
			);
			sourceTree = "<group>";
		};
		182AD2BA28728F2E0006E773 /* Products */ = {
			isa = PBXGroup;
			children = (
				182AD2B928728F2E0006E773 /* TwitterSwiftUI.app */,
			);
			name = Products;
			sourceTree = "<group>";
		};
		182AD2BB28728F2E0006E773 /* TwitterSwiftUI */ = {
			isa = PBXGroup;
			children = (
				180E4BA328C9C35000C170D5 /* Utils */,
				182AD2CD28728FD40006E773 /* Extension */,
				182AD2CC28728FCF0006E773 /* Model */,
				182AD2CB28728FBD0006E773 /* Service */,
				182AD2CA28728FB50006E773 /* Core */,
				182AD2BC28728F2E0006E773 /* TwitterSwiftUIApp.swift */,
				182AD2BE28728F2E0006E773 /* ContentView.swift */,
				1822ADE528BC61760025D247 /* GoogleService-Info.plist */,
				182AD2C028728F340006E773 /* Assets.xcassets */,
				182AD2C228728F340006E773 /* Preview Content */,
			);
			path = TwitterSwiftUI;
			sourceTree = "<group>";
		};
		182AD2C228728F340006E773 /* Preview Content */ = {
			isa = PBXGroup;
			children = (
				182AD2C328728F340006E773 /* Preview Assets.xcassets */,
			);
			path = "Preview Content";
			sourceTree = "<group>";
		};
		182AD2CA28728FB50006E773 /* Core */ = {
			isa = PBXGroup;
			children = (
				182AD2CF2872902D0006E773 /* Components */,
				189B9C41289772EE00C06C46 /* Authentication */,
				189B9C362896211B00C06C46 /* UploadTweet */,
				18981CAC2893823900753158 /* SideMenu */,
				18741AF42885052D00AA7AFE /* Profile */,
				18741AF32885050900AA7AFE /* Explore */,
				18741AF22885050600AA7AFE /* Notifications */,
				18741AF12885050200AA7AFE /* Messages */,
				18741AEE288503EF00AA7AFE /* MainTab */,
				182AD2CE2872902A0006E773 /* Feed */,
			);
			path = Core;
			sourceTree = "<group>";
		};
		182AD2CB28728FBD0006E773 /* Service */ = {
			isa = PBXGroup;
			children = (
				185BB73628CEDFCB00354E5E /* ImageUploader.swift */,
				183E6FB328D58BBE00E3C6D0 /* UserService.swift */,
				18D64DAC28D817A80004F711 /* TweetService.swift */,
			);
			path = Service;
			sourceTree = "<group>";
		};
		182AD2CC28728FCF0006E773 /* Model */ = {
			isa = PBXGroup;
			children = (
				183E6FB528D58E3100E3C6D0 /* User.swift */,
				189B588F28D958DD0007DAD5 /* Tweet.swift */,
			);
			path = Model;
			sourceTree = "<group>";
		};
		182AD2CD28728FD40006E773 /* Extension */ = {
			isa = PBXGroup;
			children = (
			);
			path = Extension;
			sourceTree = "<group>";
		};
		182AD2CE2872902A0006E773 /* Feed */ = {
			isa = PBXGroup;
			children = (
				182AD2D12872909C0006E773 /* ViewModels */,
				182AD2D0287290980006E773 /* Views */,
			);
			path = Feed;
			sourceTree = "<group>";
		};
		182AD2CF2872902D0006E773 /* Components */ = {
			isa = PBXGroup;
			children = (
				189B9C562898C53000C06C46 /* Authentication */,
				18981CA928937DF100753158 /* Users */,
				182AD2D4287291500006E773 /* Tweets */,
				189B9C3B289623BF00C06C46 /* TextArea.swift */,
				189B9C482897752800C06C46 /* RoundedShape.swift */,
				189B9C4A28977D3400C06C46 /* CustomInputField.swift */,
				18D64DAA28D80D780004F711 /* SearchBar.swift */,
			);
			path = Components;
			sourceTree = "<group>";
		};
		182AD2D0287290980006E773 /* Views */ = {
			isa = PBXGroup;
			children = (
				182AD2D2287290B90006E773 /* FeedView.swift */,
			);
			path = Views;
			sourceTree = "<group>";
		};
		182AD2D12872909C0006E773 /* ViewModels */ = {
			isa = PBXGroup;
			children = (
				189B588D28D957E40007DAD5 /* FeedViewModel.swift */,
			);
			path = ViewModels;
			sourceTree = "<group>";
		};
		182AD2D4287291500006E773 /* Tweets */ = {
			isa = PBXGroup;
			children = (
				182AD2D52872918B0006E773 /* TweetRowView.swift */,
			);
			path = Tweets;
			sourceTree = "<group>";
		};
		18741AEE288503EF00AA7AFE /* MainTab */ = {
			isa = PBXGroup;
			children = (
				18741AEF2885040B00AA7AFE /* MainTabView.swift */,
			);
			path = MainTab;
			sourceTree = "<group>";
		};
		18741AF12885050200AA7AFE /* Messages */ = {
			isa = PBXGroup;
			children = (
				18741AF7288505A900AA7AFE /* MessagesView.swift */,
			);
			path = Messages;
			sourceTree = "<group>";
		};
		18741AF22885050600AA7AFE /* Notifications */ = {
			isa = PBXGroup;
			children = (
				18741AF52885059200AA7AFE /* NotificationsView.swift */,
			);
			path = Notifications;
			sourceTree = "<group>";
		};
		18741AF32885050900AA7AFE /* Explore */ = {
			isa = PBXGroup;
			children = (
				18981CA828937DC700753158 /* ViewModels */,
				18981CA728937DC300753158 /* Views */,
			);
			path = Explore;
			sourceTree = "<group>";
		};
		18741AF42885052D00AA7AFE /* Profile */ = {
			isa = PBXGroup;
			children = (
				18981C6A288E381D00753158 /* ViewModels */,
				18981C69288E381900753158 /* Views */,
			);
			path = Profile;
			sourceTree = "<group>";
		};
		18981C69288E381900753158 /* Views */ = {
			isa = PBXGroup;
			children = (
				18981C6B288E383500753158 /* ProfileView.swift */,
			);
			path = Views;
			sourceTree = "<group>";
		};
		18981C6A288E381D00753158 /* ViewModels */ = {
			isa = PBXGroup;
			children = (
				18981C6D288E424000753158 /* TweetFilterViewModel.swift */,
			);
			path = ViewModels;
			sourceTree = "<group>";
		};
		18981CA728937DC300753158 /* Views */ = {
			isa = PBXGroup;
			children = (
				18741AF9288505CF00AA7AFE /* ExploreView.swift */,
			);
			path = Views;
			sourceTree = "<group>";
		};
		18981CA828937DC700753158 /* ViewModels */ = {
			isa = PBXGroup;
			children = (
				18D64DA828D6D5630004F711 /* ExploreViewModel.swift */,
			);
			path = ViewModels;
			sourceTree = "<group>";
		};
		18981CA928937DF100753158 /* Users */ = {
			isa = PBXGroup;
			children = (
				18981CAA28937E0D00753158 /* UserRowView.swift */,
				18981CB52893851600753158 /* UserStatsView.swift */,
			);
			path = Users;
			sourceTree = "<group>";
		};
		18981CAC2893823900753158 /* SideMenu */ = {
			isa = PBXGroup;
			children = (
				18981CAD2893826F00753158 /* ViewModels */,
				18981CAE2893827700753158 /* Views */,
			);
			path = SideMenu;
			sourceTree = "<group>";
		};
		18981CAD2893826F00753158 /* ViewModels */ = {
			isa = PBXGroup;
			children = (
				18981CB32893833300753158 /* SideMenuViewModel.swift */,
			);
			path = ViewModels;
			sourceTree = "<group>";
		};
		18981CAE2893827700753158 /* Views */ = {
			isa = PBXGroup;
			children = (
				18981CAF289382CC00753158 /* SideMenuView.swift */,
				18981CB1289382DA00753158 /* SideMenuRowView.swift */,
				189B9C342895031E00C06C46 /* SideMenuOptionRowView.swift */,
			);
			path = Views;
			sourceTree = "<group>";
		};
		189B9C362896211B00C06C46 /* UploadTweet */ = {
			isa = PBXGroup;
			children = (
				189B9C382896214000C06C46 /* ViewModel */,
				189B9C372896213D00C06C46 /* Views */,
			);
			path = UploadTweet;
			sourceTree = "<group>";
		};
		189B9C372896213D00C06C46 /* Views */ = {
			isa = PBXGroup;
			children = (
				189B9C392896216300C06C46 /* NewTweetView.swift */,
			);
			path = Views;
			sourceTree = "<group>";
		};
		189B9C382896214000C06C46 /* ViewModel */ = {
			isa = PBXGroup;
			children = (
				18D64DAE28D8193A0004F711 /* UploadTweetViewModel.swift */,
			);
			path = ViewModel;
			sourceTree = "<group>";
		};
		189B9C41289772EE00C06C46 /* Authentication */ = {
			isa = PBXGroup;
			children = (
				189B9C432897732500C06C46 /* ViewModel */,
				189B9C422897732200C06C46 /* Views */,
			);
			path = Authentication;
			sourceTree = "<group>";
		};
		189B9C422897732200C06C46 /* Views */ = {
			isa = PBXGroup;
			children = (
				189B9C442897733C00C06C46 /* LoginView.swift */,
				189B9C462897735300C06C46 /* RegistrationView.swift */,
				180E4BA128C9AE6100C170D5 /* ProfilePhotoSelectorView.swift */,
			);
			path = Views;
			sourceTree = "<group>";
		};
		189B9C432897732500C06C46 /* ViewModel */ = {
			isa = PBXGroup;
			children = (
				180E4B9F28C9960C00C170D5 /* AuthViewModel.swift */,
			);
			path = ViewModel;
			sourceTree = "<group>";
		};
		189B9C562898C53000C06C46 /* Authentication */ = {
			isa = PBXGroup;
			children = (
				189B9C572898C59D00C06C46 /* AuthHeaderView.swift */,
			);
			path = Authentication;
			sourceTree = "<group>";
		};
		6E91A4FEA3ECA4C3A298A6B7 /* Frameworks */ = {
			isa = PBXGroup;
			children = (
				2DD45853CD69610ADE5E6F56 /* Pods_TwitterSwiftUI.framework */,
			);
			name = Frameworks;
			sourceTree = "<group>";
		};
		73AA590787D87E79A9D09C27 /* Pods */ = {
			isa = PBXGroup;
			children = (
				F4E41FFC182B4EB1CED4C5BC /* Pods-TwitterSwiftUI.debug.xcconfig */,
				372E29777FAE7BF407ED7D60 /* Pods-TwitterSwiftUI.release.xcconfig */,
			);
			path = Pods;
			sourceTree = "<group>";
		};
/* End PBXGroup section */

/* Begin PBXNativeTarget section */
		182AD2B828728F2E0006E773 /* TwitterSwiftUI */ = {
			isa = PBXNativeTarget;
			buildConfigurationList = 182AD2C728728F340006E773 /* Build configuration list for PBXNativeTarget "TwitterSwiftUI" */;
			buildPhases = (
				B674990D6E67279103160D8A /* [CP] Check Pods Manifest.lock */,
				182AD2B528728F2E0006E773 /* Sources */,
				182AD2B628728F2E0006E773 /* Frameworks */,
				182AD2B728728F2E0006E773 /* Resources */,
				AAEC5A30137F39357C107F06 /* [CP] Embed Pods Frameworks */,
			);
			buildRules = (
			);
			dependencies = (
			);
			name = TwitterSwiftUI;
			packageProductDependencies = (
				183E6FB828D5A5F200E3C6D0 /* Kingfisher */,
			);
			productName = TwitterSwiftUI;
			productReference = 182AD2B928728F2E0006E773 /* TwitterSwiftUI.app */;
			productType = "com.apple.product-type.application";
		};
/* End PBXNativeTarget section */

/* Begin PBXProject section */
		182AD2B128728F2E0006E773 /* Project object */ = {
			isa = PBXProject;
			attributes = {
				BuildIndependentTargetsInParallel = 1;
				LastSwiftUpdateCheck = 1340;
				LastUpgradeCheck = 1340;
				TargetAttributes = {
					182AD2B828728F2E0006E773 = {
						CreatedOnToolsVersion = 13.4.1;
					};
				};
			};
			buildConfigurationList = 182AD2B428728F2E0006E773 /* Build configuration list for PBXProject "TwitterSwiftUI" */;
			compatibilityVersion = "Xcode 13.0";
			developmentRegion = en;
			hasScannedForEncodings = 0;
			knownRegions = (
				en,
				Base,
			);
			mainGroup = 182AD2B028728F2E0006E773;
			packageReferences = (
				183E6FB728D5A5F200E3C6D0 /* XCRemoteSwiftPackageReference "Kingfisher" */,
			);
			productRefGroup = 182AD2BA28728F2E0006E773 /* Products */;
			projectDirPath = "";
			projectRoot = "";
			targets = (
				182AD2B828728F2E0006E773 /* TwitterSwiftUI */,
			);
		};
/* End PBXProject section */

/* Begin PBXResourcesBuildPhase section */
		182AD2B728728F2E0006E773 /* Resources */ = {
			isa = PBXResourcesBuildPhase;
			buildActionMask = 2147483647;
			files = (
				182AD2C428728F340006E773 /* Preview Assets.xcassets in Resources */,
				182AD2C128728F340006E773 /* Assets.xcassets in Resources */,
				1822ADE628BC61760025D247 /* GoogleService-Info.plist in Resources */,
			);
			runOnlyForDeploymentPostprocessing = 0;
		};
/* End PBXResourcesBuildPhase section */

/* Begin PBXShellScriptBuildPhase section */
		AAEC5A30137F39357C107F06 /* [CP] Embed Pods Frameworks */ = {
			isa = PBXShellScriptBuildPhase;
			buildActionMask = 2147483647;
			files = (
			);
			inputFileListPaths = (
				"${PODS_ROOT}/Target Support Files/Pods-TwitterSwiftUI/Pods-TwitterSwiftUI-frameworks-${CONFIGURATION}-input-files.xcfilelist",
			);
			name = "[CP] Embed Pods Frameworks";
			outputFileListPaths = (
				"${PODS_ROOT}/Target Support Files/Pods-TwitterSwiftUI/Pods-TwitterSwiftUI-frameworks-${CONFIGURATION}-output-files.xcfilelist",
			);
			runOnlyForDeploymentPostprocessing = 0;
			shellPath = /bin/sh;
			shellScript = "\"${PODS_ROOT}/Target Support Files/Pods-TwitterSwiftUI/Pods-TwitterSwiftUI-frameworks.sh\"\n";
			showEnvVarsInLog = 0;
		};
		B674990D6E67279103160D8A /* [CP] Check Pods Manifest.lock */ = {
			isa = PBXShellScriptBuildPhase;
			buildActionMask = 2147483647;
			files = (
			);
			inputFileListPaths = (
			);
			inputPaths = (
				"${PODS_PODFILE_DIR_PATH}/Podfile.lock",
				"${PODS_ROOT}/Manifest.lock",
			);
			name = "[CP] Check Pods Manifest.lock";
			outputFileListPaths = (
			);
			outputPaths = (
				"$(DERIVED_FILE_DIR)/Pods-TwitterSwiftUI-checkManifestLockResult.txt",
			);
			runOnlyForDeploymentPostprocessing = 0;
			shellPath = /bin/sh;
			shellScript = "diff \"${PODS_PODFILE_DIR_PATH}/Podfile.lock\" \"${PODS_ROOT}/Manifest.lock\" > /dev/null\nif [ $? != 0 ] ; then\n    # print error to STDERR\n    echo \"error: The sandbox is not in sync with the Podfile.lock. Run 'pod install' or update your CocoaPods installation.\" >&2\n    exit 1\nfi\n# This output is used by Xcode 'outputs' to avoid re-running this script phase.\necho \"SUCCESS\" > \"${SCRIPT_OUTPUT_FILE_0}\"\n";
			showEnvVarsInLog = 0;
		};
/* End PBXShellScriptBuildPhase section */

/* Begin PBXSourcesBuildPhase section */
		182AD2B528728F2E0006E773 /* Sources */ = {
			isa = PBXSourcesBuildPhase;
			buildActionMask = 2147483647;
			files = (
				183E6FB428D58BBE00E3C6D0 /* UserService.swift in Sources */,
				182AD2BF28728F2E0006E773 /* ContentView.swift in Sources */,
				18981C6C288E383500753158 /* ProfileView.swift in Sources */,
				182AD2D62872918B0006E773 /* TweetRowView.swift in Sources */,
				18981CB2289382DA00753158 /* SideMenuRowView.swift in Sources */,
				189B9C582898C59D00C06C46 /* AuthHeaderView.swift in Sources */,
				18D64DAB28D80D780004F711 /* SearchBar.swift in Sources */,
				18D64DAD28D817A80004F711 /* TweetService.swift in Sources */,
				18D64DA928D6D5630004F711 /* ExploreViewModel.swift in Sources */,
				182AD2D3287290B90006E773 /* FeedView.swift in Sources */,
				18981C6E288E424000753158 /* TweetFilterViewModel.swift in Sources */,
				183E6FB628D58E3100E3C6D0 /* User.swift in Sources */,
				189B9C4B28977D3400C06C46 /* CustomInputField.swift in Sources */,
				182AD2BD28728F2E0006E773 /* TwitterSwiftUIApp.swift in Sources */,
				18D64DAF28D8193A0004F711 /* UploadTweetViewModel.swift in Sources */,
				189B9C3C289623BF00C06C46 /* TextArea.swift in Sources */,
				18981CB0289382CC00753158 /* SideMenuView.swift in Sources */,
				18741AF8288505A900AA7AFE /* MessagesView.swift in Sources */,
				189B588E28D957E40007DAD5 /* FeedViewModel.swift in Sources */,
				189B9C3A2896216300C06C46 /* NewTweetView.swift in Sources */,
				180E4BA528C9C36900C170D5 /* ImagePicker.swift in Sources */,
				18741AF02885040B00AA7AFE /* MainTabView.swift in Sources */,
				180E4BA228C9AE6100C170D5 /* ProfilePhotoSelectorView.swift in Sources */,
				18981CB42893833300753158 /* SideMenuViewModel.swift in Sources */,
				18981CAB28937E0D00753158 /* UserRowView.swift in Sources */,
				189B9C492897752800C06C46 /* RoundedShape.swift in Sources */,
				189B9C352895031E00C06C46 /* SideMenuOptionRowView.swift in Sources */,
				18741AFA288505CF00AA7AFE /* ExploreView.swift in Sources */,
				189B9C452897733C00C06C46 /* LoginView.swift in Sources */,
				180E4BA028C9960C00C170D5 /* AuthViewModel.swift in Sources */,
				185BB73728CEDFCB00354E5E /* ImageUploader.swift in Sources */,
				189B589028D958DD0007DAD5 /* Tweet.swift in Sources */,
				18741AF62885059200AA7AFE /* NotificationsView.swift in Sources */,
				18981CB62893851600753158 /* UserStatsView.swift in Sources */,
				189B9C472897735300C06C46 /* RegistrationView.swift in Sources */,
			);
			runOnlyForDeploymentPostprocessing = 0;
		};
/* End PBXSourcesBuildPhase section */

/* Begin XCBuildConfiguration section */
		182AD2C528728F340006E773 /* Debug */ = {
			isa = XCBuildConfiguration;
			buildSettings = {
				ALWAYS_SEARCH_USER_PATHS = NO;
				CLANG_ANALYZER_NONNULL = YES;
				CLANG_ANALYZER_NUMBER_OBJECT_CONVERSION = YES_AGGRESSIVE;
				CLANG_CXX_LANGUAGE_STANDARD = "gnu++17";
				CLANG_ENABLE_MODULES = YES;
				CLANG_ENABLE_OBJC_ARC = YES;
				CLANG_ENABLE_OBJC_WEAK = YES;
				CLANG_WARN_BLOCK_CAPTURE_AUTORELEASING = YES;
				CLANG_WARN_BOOL_CONVERSION = YES;
				CLANG_WARN_COMMA = YES;
				CLANG_WARN_CONSTANT_CONVERSION = YES;
				CLANG_WARN_DEPRECATED_OBJC_IMPLEMENTATIONS = YES;
				CLANG_WARN_DIRECT_OBJC_ISA_USAGE = YES_ERROR;
				CLANG_WARN_DOCUMENTATION_COMMENTS = YES;
				CLANG_WARN_EMPTY_BODY = YES;
				CLANG_WARN_ENUM_CONVERSION = YES;
				CLANG_WARN_INFINITE_RECURSION = YES;
				CLANG_WARN_INT_CONVERSION = YES;
				CLANG_WARN_NON_LITERAL_NULL_CONVERSION = YES;
				CLANG_WARN_OBJC_IMPLICIT_RETAIN_SELF = YES;
				CLANG_WARN_OBJC_LITERAL_CONVERSION = YES;
				CLANG_WARN_OBJC_ROOT_CLASS = YES_ERROR;
				CLANG_WARN_QUOTED_INCLUDE_IN_FRAMEWORK_HEADER = YES;
				CLANG_WARN_RANGE_LOOP_ANALYSIS = YES;
				CLANG_WARN_STRICT_PROTOTYPES = YES;
				CLANG_WARN_SUSPICIOUS_MOVE = YES;
				CLANG_WARN_UNGUARDED_AVAILABILITY = YES_AGGRESSIVE;
				CLANG_WARN_UNREACHABLE_CODE = YES;
				CLANG_WARN__DUPLICATE_METHOD_MATCH = YES;
				COPY_PHASE_STRIP = NO;
				DEBUG_INFORMATION_FORMAT = dwarf;
				ENABLE_STRICT_OBJC_MSGSEND = YES;
				ENABLE_TESTABILITY = YES;
				GCC_C_LANGUAGE_STANDARD = gnu11;
				GCC_DYNAMIC_NO_PIC = NO;
				GCC_NO_COMMON_BLOCKS = YES;
				GCC_OPTIMIZATION_LEVEL = 0;
				GCC_PREPROCESSOR_DEFINITIONS = (
					"DEBUG=1",
					"$(inherited)",
				);
				GCC_WARN_64_TO_32_BIT_CONVERSION = YES;
				GCC_WARN_ABOUT_RETURN_TYPE = YES_ERROR;
				GCC_WARN_UNDECLARED_SELECTOR = YES;
				GCC_WARN_UNINITIALIZED_AUTOS = YES_AGGRESSIVE;
				GCC_WARN_UNUSED_FUNCTION = YES;
				GCC_WARN_UNUSED_VARIABLE = YES;
				IPHONEOS_DEPLOYMENT_TARGET = 15.5;
				MTL_ENABLE_DEBUG_INFO = INCLUDE_SOURCE;
				MTL_FAST_MATH = YES;
				ONLY_ACTIVE_ARCH = YES;
				SDKROOT = iphoneos;
				SWIFT_ACTIVE_COMPILATION_CONDITIONS = DEBUG;
				SWIFT_OPTIMIZATION_LEVEL = "-Onone";
			};
			name = Debug;
		};
		182AD2C628728F340006E773 /* Release */ = {
			isa = XCBuildConfiguration;
			buildSettings = {
				ALWAYS_SEARCH_USER_PATHS = NO;
				CLANG_ANALYZER_NONNULL = YES;
				CLANG_ANALYZER_NUMBER_OBJECT_CONVERSION = YES_AGGRESSIVE;
				CLANG_CXX_LANGUAGE_STANDARD = "gnu++17";
				CLANG_ENABLE_MODULES = YES;
				CLANG_ENABLE_OBJC_ARC = YES;
				CLANG_ENABLE_OBJC_WEAK = YES;
				CLANG_WARN_BLOCK_CAPTURE_AUTORELEASING = YES;
				CLANG_WARN_BOOL_CONVERSION = YES;
				CLANG_WARN_COMMA = YES;
				CLANG_WARN_CONSTANT_CONVERSION = YES;
				CLANG_WARN_DEPRECATED_OBJC_IMPLEMENTATIONS = YES;
				CLANG_WARN_DIRECT_OBJC_ISA_USAGE = YES_ERROR;
				CLANG_WARN_DOCUMENTATION_COMMENTS = YES;
				CLANG_WARN_EMPTY_BODY = YES;
				CLANG_WARN_ENUM_CONVERSION = YES;
				CLANG_WARN_INFINITE_RECURSION = YES;
				CLANG_WARN_INT_CONVERSION = YES;
				CLANG_WARN_NON_LITERAL_NULL_CONVERSION = YES;
				CLANG_WARN_OBJC_IMPLICIT_RETAIN_SELF = YES;
				CLANG_WARN_OBJC_LITERAL_CONVERSION = YES;
				CLANG_WARN_OBJC_ROOT_CLASS = YES_ERROR;
				CLANG_WARN_QUOTED_INCLUDE_IN_FRAMEWORK_HEADER = YES;
				CLANG_WARN_RANGE_LOOP_ANALYSIS = YES;
				CLANG_WARN_STRICT_PROTOTYPES = YES;
				CLANG_WARN_SUSPICIOUS_MOVE = YES;
				CLANG_WARN_UNGUARDED_AVAILABILITY = YES_AGGRESSIVE;
				CLANG_WARN_UNREACHABLE_CODE = YES;
				CLANG_WARN__DUPLICATE_METHOD_MATCH = YES;
				COPY_PHASE_STRIP = NO;
				DEBUG_INFORMATION_FORMAT = "dwarf-with-dsym";
				ENABLE_NS_ASSERTIONS = NO;
				ENABLE_STRICT_OBJC_MSGSEND = YES;
				GCC_C_LANGUAGE_STANDARD = gnu11;
				GCC_NO_COMMON_BLOCKS = YES;
				GCC_WARN_64_TO_32_BIT_CONVERSION = YES;
				GCC_WARN_ABOUT_RETURN_TYPE = YES_ERROR;
				GCC_WARN_UNDECLARED_SELECTOR = YES;
				GCC_WARN_UNINITIALIZED_AUTOS = YES_AGGRESSIVE;
				GCC_WARN_UNUSED_FUNCTION = YES;
				GCC_WARN_UNUSED_VARIABLE = YES;
				IPHONEOS_DEPLOYMENT_TARGET = 15.5;
				MTL_ENABLE_DEBUG_INFO = NO;
				MTL_FAST_MATH = YES;
				SDKROOT = iphoneos;
				SWIFT_COMPILATION_MODE = wholemodule;
				SWIFT_OPTIMIZATION_LEVEL = "-O";
				VALIDATE_PRODUCT = YES;
			};
			name = Release;
		};
		182AD2C828728F340006E773 /* Debug */ = {
			isa = XCBuildConfiguration;
			baseConfigurationReference = F4E41FFC182B4EB1CED4C5BC /* Pods-TwitterSwiftUI.debug.xcconfig */;
			buildSettings = {
				ASSETCATALOG_COMPILER_APPICON_NAME = AppIcon;
				ASSETCATALOG_COMPILER_GLOBAL_ACCENT_COLOR_NAME = AccentColor;
				CODE_SIGN_STYLE = Automatic;
				CURRENT_PROJECT_VERSION = 1;
				DEVELOPMENT_ASSET_PATHS = "\"TwitterSwiftUI/Preview Content\"";
				DEVELOPMENT_TEAM = WSD3X3498L;
				ENABLE_PREVIEWS = YES;
				GENERATE_INFOPLIST_FILE = YES;
				INFOPLIST_KEY_UIApplicationSceneManifest_Generation = YES;
				INFOPLIST_KEY_UIApplicationSupportsIndirectInputEvents = YES;
				INFOPLIST_KEY_UILaunchScreen_Generation = YES;
				INFOPLIST_KEY_UISupportedInterfaceOrientations_iPad = "UIInterfaceOrientationPortrait UIInterfaceOrientationPortraitUpsideDown UIInterfaceOrientationLandscapeLeft UIInterfaceOrientationLandscapeRight";
				INFOPLIST_KEY_UISupportedInterfaceOrientations_iPhone = "UIInterfaceOrientationPortrait UIInterfaceOrientationLandscapeLeft UIInterfaceOrientationLandscapeRight";
				LD_RUNPATH_SEARCH_PATHS = (
					"$(inherited)",
					"@executable_path/Frameworks",
				);
				MARKETING_VERSION = 1.0;
				PRODUCT_BUNDLE_IDENTIFIER = Crownstack.TwitterSwiftUI;
				PRODUCT_NAME = "$(TARGET_NAME)";
				SWIFT_EMIT_LOC_STRINGS = YES;
				SWIFT_VERSION = 5.0;
				TARGETED_DEVICE_FAMILY = "1,2";
			};
			name = Debug;
		};
		182AD2C928728F340006E773 /* Release */ = {
			isa = XCBuildConfiguration;
			baseConfigurationReference = 372E29777FAE7BF407ED7D60 /* Pods-TwitterSwiftUI.release.xcconfig */;
			buildSettings = {
				ASSETCATALOG_COMPILER_APPICON_NAME = AppIcon;
				ASSETCATALOG_COMPILER_GLOBAL_ACCENT_COLOR_NAME = AccentColor;
				CODE_SIGN_STYLE = Automatic;
				CURRENT_PROJECT_VERSION = 1;
				DEVELOPMENT_ASSET_PATHS = "\"TwitterSwiftUI/Preview Content\"";
				DEVELOPMENT_TEAM = WSD3X3498L;
				ENABLE_PREVIEWS = YES;
				GENERATE_INFOPLIST_FILE = YES;
				INFOPLIST_KEY_UIApplicationSceneManifest_Generation = YES;
				INFOPLIST_KEY_UIApplicationSupportsIndirectInputEvents = YES;
				INFOPLIST_KEY_UILaunchScreen_Generation = YES;
				INFOPLIST_KEY_UISupportedInterfaceOrientations_iPad = "UIInterfaceOrientationPortrait UIInterfaceOrientationPortraitUpsideDown UIInterfaceOrientationLandscapeLeft UIInterfaceOrientationLandscapeRight";
				INFOPLIST_KEY_UISupportedInterfaceOrientations_iPhone = "UIInterfaceOrientationPortrait UIInterfaceOrientationLandscapeLeft UIInterfaceOrientationLandscapeRight";
				LD_RUNPATH_SEARCH_PATHS = (
					"$(inherited)",
					"@executable_path/Frameworks",
				);
				MARKETING_VERSION = 1.0;
				PRODUCT_BUNDLE_IDENTIFIER = Crownstack.TwitterSwiftUI;
				PRODUCT_NAME = "$(TARGET_NAME)";
				SWIFT_EMIT_LOC_STRINGS = YES;
				SWIFT_VERSION = 5.0;
				TARGETED_DEVICE_FAMILY = "1,2";
			};
			name = Release;
		};
/* End XCBuildConfiguration section */

/* Begin XCConfigurationList section */
		182AD2B428728F2E0006E773 /* Build configuration list for PBXProject "TwitterSwiftUI" */ = {
			isa = XCConfigurationList;
			buildConfigurations = (
				182AD2C528728F340006E773 /* Debug */,
				182AD2C628728F340006E773 /* Release */,
			);
			defaultConfigurationIsVisible = 0;
			defaultConfigurationName = Release;
		};
		182AD2C728728F340006E773 /* Build configuration list for PBXNativeTarget "TwitterSwiftUI" */ = {
			isa = XCConfigurationList;
			buildConfigurations = (
				182AD2C828728F340006E773 /* Debug */,
				182AD2C928728F340006E773 /* Release */,
			);
			defaultConfigurationIsVisible = 0;
			defaultConfigurationName = Release;
		};
/* End XCConfigurationList section */

/* Begin XCRemoteSwiftPackageReference section */
		183E6FB728D5A5F200E3C6D0 /* XCRemoteSwiftPackageReference "Kingfisher" */ = {
			isa = XCRemoteSwiftPackageReference;
			repositoryURL = "https://github.com/onevcat/Kingfisher.git";
			requirement = {
				kind = upToNextMajorVersion;
				minimumVersion = 7.0.0;
			};
		};
/* End XCRemoteSwiftPackageReference section */

/* Begin XCSwiftPackageProductDependency section */
		183E6FB828D5A5F200E3C6D0 /* Kingfisher */ = {
			isa = XCSwiftPackageProductDependency;
			package = 183E6FB728D5A5F200E3C6D0 /* XCRemoteSwiftPackageReference "Kingfisher" */;
			productName = Kingfisher;
		};
/* End XCSwiftPackageProductDependency section */
	};
	rootObject = 182AD2B128728F2E0006E773 /* Project object */;
}
